
Microsoft Visual Studio Solution File, Format Version 12.00
# Visual Studio Version 17
VisualStudioVersion = 17.3.32929.385
MinimumVisualStudioVersion = 10.0.40219.1
Project("{9A19103F-16F7-4668-BE54-9A1E7A4F7556}") = "CaaS.Api", "CaaS.Api\CaaS.Api.csproj", "{4E355AB2-5DF6-422C-8B5B-D191F5EDC174}"
EndProject
Project("{9A19103F-16F7-4668-BE54-9A1E7A4F7556}") = "CaaS.Core", "CaaS.Core\CaaS.Core.csproj", "{4668DF74-3B06-49FD-93F6-584CB2452CE4}"
EndProject
Project("{9A19103F-16F7-4668-BE54-9A1E7A4F7556}") = "CaaS.Infrastructure", "CaaS.Infrastructure\CaaS.Infrastructure.csproj", "{4D3769FA-BC55-47B2-955B-CDD1017D33ED}"
EndProject
Project("{FAE04EC0-301F-11D3-BF4B-00C04F79EFBC}") = "CaaS.Infrastructure.Generator", "CaaS.Infrastructure.Generator\CaaS.Infrastructure.Generator.csproj", "{6433E6CB-A736-4BE7-9294-20926BDE01B4}"
EndProject
Project("{FAE04EC0-301F-11D3-BF4B-00C04F79EFBC}") = "CaaS.Test", "CaaS.Test\CaaS.Test.csproj", "{E5D059D1-9EE1-40E2-83A3-88CD89AD2D33}"
EndProject
Project("{FAE04EC0-301F-11D3-BF4B-00C04F79EFBC}") = "CaaS.Test.Integration", "CaaS.Test.Integration\CaaS.Test.Integration.csproj", "{F2C9CE85-95E4-4070-871B-DE8317466FA6}"
EndProject
Project("{FAE04EC0-301F-11D3-BF4B-00C04F79EFBC}") = "CaaS.Test.Common", "CaaS.Test.Common\CaaS.Test.Common.csproj", "{8BDD6B50-D78B-4BB8-94A5-39EDC56E4417}"
EndProject
Project("{FAE04EC0-301F-11D3-BF4B-00C04F79EFBC}") = "SwKo.Pay", "SwKo.Pay\SwKo.Pay.csproj", "{A5C7BBBA-DF77-4F02-AE18-26814AC5D81F}"
EndProject
Project("{FAE04EC0-301F-11D3-BF4B-00C04F79EFBC}") = "SwKo.Pay.Api", "SwKo.Pay.Api\SwKo.Pay.Api.csproj", "{138CE981-3A50-45D5-9405-96CE12DB6D7B}"
EndProject
Global
	GlobalSection(SolutionConfigurationPlatforms) = preSolution
		Debug|Any CPU = Debug|Any CPU
		Release|Any CPU = Release|Any CPU
	EndGlobalSection
	GlobalSection(ProjectConfigurationPlatforms) = postSolution
		{4E355AB2-5DF6-422C-8B5B-D191F5EDC174}.Debug|Any CPU.ActiveCfg = Debug|Any CPU
		{4E355AB2-5DF6-422C-8B5B-D191F5EDC174}.Debug|Any CPU.Build.0 = Debug|Any CPU
		{4E355AB2-5DF6-422C-8B5B-D191F5EDC174}.Release|Any CPU.ActiveCfg = Release|Any CPU
		{4E355AB2-5DF6-422C-8B5B-D191F5EDC174}.Release|Any CPU.Build.0 = Release|Any CPU
		{4668DF74-3B06-49FD-93F6-584CB2452CE4}.Debug|Any CPU.ActiveCfg = Debug|Any CPU
		{4668DF74-3B06-49FD-93F6-584CB2452CE4}.Debug|Any CPU.Build.0 = Debug|Any CPU
		{4668DF74-3B06-49FD-93F6-584CB2452CE4}.Release|Any CPU.ActiveCfg = Release|Any CPU
		{4668DF74-3B06-49FD-93F6-584CB2452CE4}.Release|Any CPU.Build.0 = Release|Any CPU
		{4D3769FA-BC55-47B2-955B-CDD1017D33ED}.Debug|Any CPU.ActiveCfg = Debug|Any CPU
		{4D3769FA-BC55-47B2-955B-CDD1017D33ED}.Debug|Any CPU.Build.0 = Debug|Any CPU
		{4D3769FA-BC55-47B2-955B-CDD1017D33ED}.Release|Any CPU.ActiveCfg = Release|Any CPU
		{4D3769FA-BC55-47B2-955B-CDD1017D33ED}.Release|Any CPU.Build.0 = Release|Any CPU
		{6433E6CB-A736-4BE7-9294-20926BDE01B4}.Debug|Any CPU.ActiveCfg = Debug|Any CPU
		{6433E6CB-A736-4BE7-9294-20926BDE01B4}.Debug|Any CPU.Build.0 = Debug|Any CPU
		{6433E6CB-A736-4BE7-9294-20926BDE01B4}.Release|Any CPU.ActiveCfg = Release|Any CPU
		{6433E6CB-A736-4BE7-9294-20926BDE01B4}.Release|Any CPU.Build.0 = Release|Any CPU
		{E5D059D1-9EE1-40E2-83A3-88CD89AD2D33}.Debug|Any CPU.ActiveCfg = Debug|Any CPU
		{E5D059D1-9EE1-40E2-83A3-88CD89AD2D33}.Debug|Any CPU.Build.0 = Debug|Any CPU
		{E5D059D1-9EE1-40E2-83A3-88CD89AD2D33}.Release|Any CPU.ActiveCfg = Release|Any CPU
		{E5D059D1-9EE1-40E2-83A3-88CD89AD2D33}.Release|Any CPU.Build.0 = Release|Any CPU
		{F2C9CE85-95E4-4070-871B-DE8317466FA6}.Debug|Any CPU.ActiveCfg = Debug|Any CPU
		{F2C9CE85-95E4-4070-871B-DE8317466FA6}.Debug|Any CPU.Build.0 = Debug|Any CPU
		{F2C9CE85-95E4-4070-871B-DE8317466FA6}.Release|Any CPU.ActiveCfg = Release|Any CPU
		{F2C9CE85-95E4-4070-871B-DE8317466FA6}.Release|Any CPU.Build.0 = Release|Any CPU
		{8BDD6B50-D78B-4BB8-94A5-39EDC56E4417}.Debug|Any CPU.ActiveCfg = Debug|Any CPU
		{8BDD6B50-D78B-4BB8-94A5-39EDC56E4417}.Debug|Any CPU.Build.0 = Debug|Any CPU
		{8BDD6B50-D78B-4BB8-94A5-39EDC56E4417}.Release|Any CPU.ActiveCfg = Release|Any CPU
		{8BDD6B50-D78B-4BB8-94A5-39EDC56E4417}.Release|Any CPU.Build.0 = Release|Any CPU
		{A5C7BBBA-DF77-4F02-AE18-26814AC5D81F}.Debug|Any CPU.ActiveCfg = Debug|Any CPU
		{A5C7BBBA-DF77-4F02-AE18-26814AC5D81F}.Debug|Any CPU.Build.0 = Debug|Any CPU
		{A5C7BBBA-DF77-4F02-AE18-26814AC5D81F}.Release|Any CPU.ActiveCfg = Release|Any CPU
		{A5C7BBBA-DF77-4F02-AE18-26814AC5D81F}.Release|Any CPU.Build.0 = Release|Any CPU
		{138CE981-3A50-45D5-9405-96CE12DB6D7B}.Debug|Any CPU.ActiveCfg = Debug|Any CPU
		{138CE981-3A50-45D5-9405-96CE12DB6D7B}.Debug|Any CPU.Build.0 = Debug|Any CPU
		{138CE981-3A50-45D5-9405-96CE12DB6D7B}.Release|Any CPU.ActiveCfg = Release|Any CPU
		{138CE981-3A50-45D5-9405-96CE12DB6D7B}.Release|Any CPU.Build.0 = Release|Any CPU
	EndGlobalSection
	GlobalSection(SolutionProperties) = preSolution
		HideSolutionNode = FALSE
	EndGlobalSection
	GlobalSection(ExtensibilityGlobals) = postSolution
		SolutionGuid = {DF56ECB8-C1E9-4057-9C22-975E04CB7AB2}
	EndGlobalSection
EndGlobal
